Microsoft Visual Studio Solution File, Format Version 12.00
# Visual Studio 15
VisualStudioVersion = 15.0.27130.2026
MinimumVisualStudioVersion = 10.0.40219.1
Project("{9A19103F-16F7-4668-BE54-9A1E7A4F7556}") = "FiveDevsShop", "FiveDevsShop.csproj", "{0F7B2DD3-5F0E-4B27-BEDC-F9CC9EA40474}"
EndProject
Global
	GlobalSection(SolutionConfigurationPlatforms) = preSolution
		Debug|Any CPU = Debug|Any CPU
		Release|Any CPU = Release|Any CPU
	EndGlobalSection
	GlobalSection(ProjectConfigurationPlatforms) = postSolution
		{0F7B2DD3-5F0E-4B27-BEDC-F9CC9EA40474}.Debug|Any CPU.ActiveCfg = Debug|Any CPU
		{0F7B2DD3-5F0E-4B27-BEDC-F9CC9EA40474}.Debug|Any CPU.Build.0 = Debug|Any CPU
		{0F7B2DD3-5F0E-4B27-BEDC-F9CC9EA40474}.Release|Any CPU.ActiveCfg = Release|Any CPU
		{0F7B2DD3-5F0E-4B27-BEDC-F9CC9EA40474}.Release|Any CPU.Build.0 = Release|Any CPU
	EndGlobalSection
	GlobalSection(SolutionProperties) = preSolution
		HideSolutionNode = FALSE
	EndGlobalSection
	GlobalSection(ExtensibilityGlobals) = postSolution
		SolutionGuid = {9BE22C5F-3739-401C-AA99-11C733F93E97}
	EndGlobalSection
EndGlobal
